{
  "name": "lambda",
  "version": "1.0.0",
  "lockfileVersion": 1,
  "requires": true,
  "dependencies": {
    "@aws-cdk/assets": {
      "version": "1.96.0",
      "resolved": "https://registry.npmjs.org/@aws-cdk/assets/-/assets-1.96.0.tgz",
      "integrity": "sha512-gt+BNsFCUs/SCvwKhifZhEtsZNBFvzbUFrNaheCbNvbhs+k04/tBTEnOeoNLaCdD3yWXMnbxaxah1H76QADx9A==",
      "requires": {
        "@aws-cdk/core": "1.96.0",
        "@aws-cdk/cx-api": "1.96.0",
        "constructs": "^3.3.69"
      }
    },
    "@aws-cdk/aws-applicationautoscaling": {
      "version": "1.96.0",
      "resolved": "https://registry.npmjs.org/@aws-cdk/aws-applicationautoscaling/-/aws-applicationautoscaling-1.96.0.tgz",
      "integrity": "sha512-NxW709a4ioLHLK9/yi+mlBzjOMlXaXnXfpzwIu17AUcFQBitKyQ3vo/PAIZYFupI5BhidlgjFtD67CZlPZXZHg==",
      "requires": {
        "@aws-cdk/aws-autoscaling-common": "1.96.0",
        "@aws-cdk/aws-cloudwatch": "1.96.0",
        "@aws-cdk/aws-iam": "1.96.0",
        "@aws-cdk/core": "1.96.0",
        "constructs": "^3.3.69"
      }
    },
    "@aws-cdk/aws-autoscaling-common": {
      "version": "1.96.0",
      "resolved": "https://registry.npmjs.org/@aws-cdk/aws-autoscaling-common/-/aws-autoscaling-common-1.96.0.tgz",
      "integrity": "sha512-i3lBOLNW4dvGDYLVdvnnFOmV5JmpsHg6tSKDMHdtfsYqR3lswfAg+qAuAmazYIz2JlG+UVIJRmcSmZVEQKKpIA==",
      "requires": {
        "@aws-cdk/aws-iam": "1.96.0",
        "@aws-cdk/core": "1.96.0",
        "constructs": "^3.3.69"
      }
    },
    "@aws-cdk/aws-cloudwatch": {
      "version": "1.96.0",
      "resolved": "https://registry.npmjs.org/@aws-cdk/aws-cloudwatch/-/aws-cloudwatch-1.96.0.tgz",
      "integrity": "sha512-vlYf3Jay+srt1A6SOX5/fcFWQmXcouTzDWQovvg36DWPNknH2dF9nHpf7YrEesj7Nwxlo9aA0MrFBYqThlsy3w==",
      "requires": {
        "@aws-cdk/aws-iam": "1.96.0",
        "@aws-cdk/core": "1.96.0",
        "constructs": "^3.3.69"
      }
    },
    "@aws-cdk/aws-codeguruprofiler": {
      "version": "1.96.0",
      "resolved": "https://registry.npmjs.org/@aws-cdk/aws-codeguruprofiler/-/aws-codeguruprofiler-1.96.0.tgz",
      "integrity": "sha512-P+7U76bKLB0MDKCer6w1JqfnzmN05Ezi4SfqXMjURj89DB8sHs0SxUvkfGd2oN4VgeWa3S9Ko4KUmihNS59ILA==",
      "requires": {
        "@aws-cdk/aws-iam": "1.96.0",
        "@aws-cdk/core": "1.96.0",
        "constructs": "^3.3.69"
      }
    },
    "@aws-cdk/aws-ec2": {
      "version": "1.96.0",
      "resolved": "https://registry.npmjs.org/@aws-cdk/aws-ec2/-/aws-ec2-1.96.0.tgz",
      "integrity": "sha512-jU5gpfFm5ZKVznHgHk7TD9luthg2lcsBhQJC7K3ZkRqKf0UZiAyhy5qQs1SYYPIl5DikYAWHOjJRKtUbsXDT/w==",
      "requires": {
        "@aws-cdk/aws-cloudwatch": "1.96.0",
        "@aws-cdk/aws-iam": "1.96.0",
        "@aws-cdk/aws-kms": "1.96.0",
        "@aws-cdk/aws-logs": "1.96.0",
        "@aws-cdk/aws-s3": "1.96.0",
        "@aws-cdk/aws-s3-assets": "1.96.0",
        "@aws-cdk/aws-ssm": "1.96.0",
        "@aws-cdk/cloud-assembly-schema": "1.96.0",
        "@aws-cdk/core": "1.96.0",
        "@aws-cdk/cx-api": "1.96.0",
        "@aws-cdk/region-info": "1.96.0",
        "constructs": "^3.3.69"
      }
    },
    "@aws-cdk/aws-ecr": {
      "version": "1.96.0",
      "resolved": "https://registry.npmjs.org/@aws-cdk/aws-ecr/-/aws-ecr-1.96.0.tgz",
      "integrity": "sha512-URY1abET2RxDTzm67jU/D7kM8xqV3wMu2W6lxwvIabO8x9K9EqTFZ5ZSaC3bO+4OKZ0L+1RGAHRoUY4mOUpe/g==",
      "requires": {
        "@aws-cdk/aws-events": "1.96.0",
        "@aws-cdk/aws-iam": "1.96.0",
        "@aws-cdk/core": "1.96.0",
        "constructs": "^3.3.69"
      }
    },
    "@aws-cdk/aws-ecr-assets": {
      "version": "1.96.0",
      "resolved": "https://registry.npmjs.org/@aws-cdk/aws-ecr-assets/-/aws-ecr-assets-1.96.0.tgz",
      "integrity": "sha512-3jbVxgeTaZ+D+rjqG71xxjWT6qggI7txhDanQjhmHEC4ND6Ac/dKwzhNwtsU/lKA825GTNinihY2RH5lF43RsA==",
      "requires": {
        "@aws-cdk/assets": "1.96.0",
        "@aws-cdk/aws-ecr": "1.96.0",
        "@aws-cdk/aws-iam": "1.96.0",
        "@aws-cdk/aws-s3": "1.96.0",
        "@aws-cdk/core": "1.96.0",
        "@aws-cdk/cx-api": "1.96.0",
        "constructs": "^3.3.69",
        "minimatch": "^3.0.4"
      },
      "dependencies": {
        "balanced-match": {
          "version": "1.0.0",
          "bundled": true
        },
        "brace-expansion": {
          "version": "1.1.11",
          "bundled": true,
          "requires": {
            "balanced-match": "^1.0.0",
            "concat-map": "0.0.1"
          }
        },
        "concat-map": {
          "version": "0.0.1",
          "bundled": true
        },
        "minimatch": {
          "version": "3.0.4",
          "bundled": true,
          "requires": {
            "brace-expansion": "^1.1.7"
          }
        }
      }
    },
    "@aws-cdk/aws-efs": {
      "version": "1.96.0",
      "resolved": "https://registry.npmjs.org/@aws-cdk/aws-efs/-/aws-efs-1.96.0.tgz",
      "integrity": "sha512-oxAzIitrA82J0jFPAz/qvOL+d6YpxwArXJFDrNAPHZ64UgFMMv6lPTgaOMhe+MNN7S6DJMJ6EPmyRJnRg77Xgw==",
      "requires": {
        "@aws-cdk/aws-ec2": "1.96.0",
        "@aws-cdk/aws-kms": "1.96.0",
        "@aws-cdk/cloud-assembly-schema": "1.96.0",
        "@aws-cdk/core": "1.96.0",
        "@aws-cdk/cx-api": "1.96.0",
        "constructs": "^3.3.69"
      }
    },
    "@aws-cdk/aws-events": {
      "version": "1.96.0",
      "resolved": "https://registry.npmjs.org/@aws-cdk/aws-events/-/aws-events-1.96.0.tgz",
      "integrity": "sha512-sbfwjyvpRiDIKnJ9T4wDyv9e1783bzHPBalZqoUCmITXEDzETM1JR6lvsEbnIdzLlutx2MALIL4fKc9lWmeMVA==",
      "requires": {
        "@aws-cdk/aws-iam": "1.96.0",
        "@aws-cdk/core": "1.96.0",
        "constructs": "^3.3.69"
      }
    },
    "@aws-cdk/aws-iam": {
      "version": "1.96.0",
      "resolved": "https://registry.npmjs.org/@aws-cdk/aws-iam/-/aws-iam-1.96.0.tgz",
      "integrity": "sha512-ikpmhDFgmhZmvU89aVon0BVtJS85ez/VqlE9Xvo3UBEKjoCt5ptvIX9tqbqlBp3FwKWvOEXVgKE81kn5OWvDWg==",
      "requires": {
        "@aws-cdk/core": "1.96.0",
        "@aws-cdk/region-info": "1.96.0",
        "constructs": "^3.3.69"
      }
    },
    "@aws-cdk/aws-kms": {
      "version": "1.96.0",
      "resolved": "https://registry.npmjs.org/@aws-cdk/aws-kms/-/aws-kms-1.96.0.tgz",
      "integrity": "sha512-yNtEsekR188JEFbS0AD5kDXUD2kQnzJd69GV+mNUcJtmwbJQVzs8m/wnZaVcx+Q8+qLEXPro2H0evCfyExJR5w==",
      "requires": {
        "@aws-cdk/aws-iam": "1.96.0",
        "@aws-cdk/core": "1.96.0",
        "@aws-cdk/cx-api": "1.96.0",
        "constructs": "^3.3.69"
      }
    },
    "@aws-cdk/aws-lambda": {
      "version": "1.96.0",
      "resolved": "https://registry.npmjs.org/@aws-cdk/aws-lambda/-/aws-lambda-1.96.0.tgz",
      "integrity": "sha512-U3j6ipy9gIrQEysE3jvSfBeBalkjxp6ZPNr3mOCECtgNcWhoHaoSmwwvGCvhbnsL6ZxjwwGH2Bm5raoWyeu9YQ==",
      "requires": {
        "@aws-cdk/aws-applicationautoscaling": "1.96.0",
        "@aws-cdk/aws-cloudwatch": "1.96.0",
        "@aws-cdk/aws-codeguruprofiler": "1.96.0",
        "@aws-cdk/aws-ec2": "1.96.0",
        "@aws-cdk/aws-ecr": "1.96.0",
        "@aws-cdk/aws-ecr-assets": "1.96.0",
        "@aws-cdk/aws-efs": "1.96.0",
        "@aws-cdk/aws-events": "1.96.0",
        "@aws-cdk/aws-iam": "1.96.0",
        "@aws-cdk/aws-kms": "1.96.0",
        "@aws-cdk/aws-logs": "1.96.0",
        "@aws-cdk/aws-s3": "1.96.0",
        "@aws-cdk/aws-s3-assets": "1.96.0",
        "@aws-cdk/aws-signer": "1.96.0",
        "@aws-cdk/aws-sqs": "1.96.0",
        "@aws-cdk/core": "1.96.0",
        "@aws-cdk/cx-api": "1.96.0",
        "constructs": "^3.3.69"
      }
    },
    "@aws-cdk/aws-lambda-nodejs": {
      "version": "1.96.0",
      "resolved": "https://registry.npmjs.org/@aws-cdk/aws-lambda-nodejs/-/aws-lambda-nodejs-1.96.0.tgz",
      "integrity": "sha512-k3dxtuzMr6NXoXGXSVA8BhZNRfHXHRW+/zuHIQyUURcc8jer+3WRHpz+5Ybl7hnxtSLcDTvQtC4LQVL7nPUKag==",
      "requires": {
        "@aws-cdk/aws-lambda": "1.96.0",
        "@aws-cdk/core": "1.96.0",
        "constructs": "^3.3.69"
      }
    },
    "@aws-cdk/aws-logs": {
      "version": "1.96.0",
      "resolved": "https://registry.npmjs.org/@aws-cdk/aws-logs/-/aws-logs-1.96.0.tgz",
      "integrity": "sha512-LflFQ1Tz8VhiG4XHLqMmNw+AIM8chrnTjGoDulsOKASMcX254amLQYl137LLXpUI5eyr+P520o4XUh/AyRBy5Q==",
      "requires": {
        "@aws-cdk/aws-cloudwatch": "1.96.0",
        "@aws-cdk/aws-iam": "1.96.0",
        "@aws-cdk/aws-kms": "1.96.0",
        "@aws-cdk/aws-s3-assets": "1.96.0",
        "@aws-cdk/core": "1.96.0",
        "constructs": "^3.3.69"
      }
    },
    "@aws-cdk/aws-s3": {
      "version": "1.96.0",
      "resolved": "https://registry.npmjs.org/@aws-cdk/aws-s3/-/aws-s3-1.96.0.tgz",
      "integrity": "sha512-dqsjXJRaUK3u3Ij9RvR0N+xmfvQkiUHTL3Wxgg9WUqgG2Q0fO2lEcsKLvkc4B1isWMlBg3Dy9vY3fFZUke4gBg==",
      "requires": {
        "@aws-cdk/aws-events": "1.96.0",
        "@aws-cdk/aws-iam": "1.96.0",
        "@aws-cdk/aws-kms": "1.96.0",
        "@aws-cdk/core": "1.96.0",
        "@aws-cdk/cx-api": "1.96.0",
        "constructs": "^3.3.69"
      }
    },
    "@aws-cdk/aws-s3-assets": {
      "version": "1.96.0",
      "resolved": "https://registry.npmjs.org/@aws-cdk/aws-s3-assets/-/aws-s3-assets-1.96.0.tgz",
      "integrity": "sha512-NK9jD4+2BSSw3RKIWlzxDFZkinwtyWlMf1uxzbUKw8KuxpmuMhkx8OwWwKxM50BaNOKVAbBfXh8uhQTyCsQ4Zg==",
      "requires": {
        "@aws-cdk/assets": "1.96.0",
        "@aws-cdk/aws-iam": "1.96.0",
        "@aws-cdk/aws-kms": "1.96.0",
        "@aws-cdk/aws-s3": "1.96.0",
        "@aws-cdk/core": "1.96.0",
        "@aws-cdk/cx-api": "1.96.0",
        "constructs": "^3.3.69"
      }
    },
    "@aws-cdk/aws-signer": {
      "version": "1.96.0",
      "resolved": "https://registry.npmjs.org/@aws-cdk/aws-signer/-/aws-signer-1.96.0.tgz",
      "integrity": "sha512-UkdcpL4e/NJ6POdgKS/575uyvPHx8fV8XQSF34m3If5Xoq3GLoZhzskWg0ayzM5ogxaisiDb4JMta64sud+SOQ==",
      "requires": {
        "@aws-cdk/core": "1.96.0",
        "constructs": "^3.3.69"
      }
    },
    "@aws-cdk/aws-sqs": {
      "version": "1.96.0",
      "resolved": "https://registry.npmjs.org/@aws-cdk/aws-sqs/-/aws-sqs-1.96.0.tgz",
      "integrity": "sha512-d5IbcqqxP3ZVB25WEYVKhpXg0LVXphply+yyMIxoF7wWh6oGxXJUGOXLErYxJtz4vzlV+2wKwv2zBaIrzhXeFw==",
      "requires": {
        "@aws-cdk/aws-cloudwatch": "1.96.0",
        "@aws-cdk/aws-iam": "1.96.0",
        "@aws-cdk/aws-kms": "1.96.0",
        "@aws-cdk/core": "1.96.0",
        "constructs": "^3.3.69"
      }
    },
    "@aws-cdk/aws-ssm": {
      "version": "1.96.0",
      "resolved": "https://registry.npmjs.org/@aws-cdk/aws-ssm/-/aws-ssm-1.96.0.tgz",
      "integrity": "sha512-Z8uFIaT3ZNpONnuSlY5JQTxk5rZ2nfCLBJXy9Ka1EcqWvuNAmnGaXcatYgzsgAfWj31OT0IUpzn49pak1aLeVQ==",
      "requires": {
        "@aws-cdk/aws-iam": "1.96.0",
        "@aws-cdk/aws-kms": "1.96.0",
        "@aws-cdk/cloud-assembly-schema": "1.96.0",
        "@aws-cdk/core": "1.96.0",
        "constructs": "^3.3.69"
      }
    },
    "@aws-cdk/cloud-assembly-schema": {
      "version": "1.96.0",
      "resolved": "https://registry.npmjs.org/@aws-cdk/cloud-assembly-schema/-/cloud-assembly-schema-1.96.0.tgz",
      "integrity": "sha512-2Fypls2LkWDuc2BRaKmK9eBPknG0Gis+FoCrpn/r3l7xWvqTHfDaC/gpJqIdGpHKVEbFvRewh92WGm4zdbob9A==",
      "requires": {
        "jsonschema": "^1.4.0",
        "semver": "^7.3.5"
      },
      "dependencies": {
        "jsonschema": {
          "version": "1.4.0",
          "bundled": true
        },
        "lru-cache": {
          "version": "6.0.0",
          "bundled": true,
          "requires": {
            "yallist": "^4.0.0"
          }
        },
        "semver": {
          "version": "7.3.5",
          "bundled": true,
          "requires": {
            "lru-cache": "^6.0.0"
          }
        },
        "yallist": {
          "version": "4.0.0",
          "bundled": true
        }
      }
    },
    "@aws-cdk/core": {
      "version": "1.96.0",
      "resolved": "https://registry.npmjs.org/@aws-cdk/core/-/core-1.96.0.tgz",
      "integrity": "sha512-W8pAE2n9WgBDi0uHe0rUb95sVUe+rIe8pWZuHq60HhD5Omjb7qVxV5D95Z8TOkOrbLbCYJEUjsLV/ka0iqMOnQ==",
      "requires": {
        "@aws-cdk/cloud-assembly-schema": "1.96.0",
        "@aws-cdk/cx-api": "1.96.0",
        "@aws-cdk/region-info": "1.96.0",
        "@balena/dockerignore": "^1.0.2",
        "constructs": "^3.3.69",
        "fs-extra": "^9.1.0",
        "ignore": "^5.1.8",
        "minimatch": "^3.0.4"
      },
      "dependencies": {
        "@balena/dockerignore": {
          "version": "1.0.2",
          "bundled": true
        },
        "at-least-node": {
          "version": "1.0.0",
          "bundled": true
        },
        "balanced-match": {
          "version": "1.0.0",
          "bundled": true
        },
        "brace-expansion": {
          "version": "1.1.11",
          "bundled": true,
          "requires": {
            "balanced-match": "^1.0.0",
            "concat-map": "0.0.1"
          }
        },
        "concat-map": {
          "version": "0.0.1",
          "bundled": true
        },
        "fs-extra": {
          "version": "9.1.0",
          "bundled": true,
          "requires": {
            "at-least-node": "^1.0.0",
            "graceful-fs": "^4.2.0",
            "jsonfile": "^6.0.1",
            "universalify": "^2.0.0"
          }
        },
        "graceful-fs": {
          "version": "4.2.6",
          "bundled": true
        },
        "ignore": {
          "version": "5.1.8",
          "bundled": true
        },
        "jsonfile": {
          "version": "6.1.0",
          "bundled": true,
          "requires": {
            "graceful-fs": "^4.1.6",
            "universalify": "^2.0.0"
          }
        },
        "minimatch": {
          "version": "3.0.4",
          "bundled": true,
          "requires": {
            "brace-expansion": "^1.1.7"
          }
        },
        "universalify": {
          "version": "2.0.0",
          "bundled": true
        }
      }
    },
    "@aws-cdk/cx-api": {
      "version": "1.96.0",
      "resolved": "https://registry.npmjs.org/@aws-cdk/cx-api/-/cx-api-1.96.0.tgz",
      "integrity": "sha512-LiPWV1ALunni72XU6BywqyCxHDIMUsDQ0HYfRak37hAstAOhdqeUOlnG3goB9MTkMF7FOcU61a/izGDlVwPXQg==",
      "requires": {
        "@aws-cdk/cloud-assembly-schema": "1.96.0",
        "semver": "^7.3.5"
      },
      "dependencies": {
        "lru-cache": {
          "version": "6.0.0",
          "bundled": true,
          "requires": {
            "yallist": "^4.0.0"
          }
        },
        "semver": {
          "version": "7.3.5",
          "bundled": true,
          "requires": {
            "lru-cache": "^6.0.0"
          }
        },
        "yallist": {
          "version": "4.0.0",
          "bundled": true
        }
      }
    },
    "@aws-cdk/region-info": {
      "version": "1.96.0",
      "resolved": "https://registry.npmjs.org/@aws-cdk/region-info/-/region-info-1.96.0.tgz",
      "integrity": "sha512-esmTSLHD/OMf2YLPfB5rULgDi07xbpErD7Y3nqXxgR/M7zmd8AaT45qaDwIz17Tw+CrwL4KHud9HOT2xvdq3sQ=="
    },
    "constructs": {
      "version": "3.3.71",
      "resolved": "https://registry.npmjs.org/constructs/-/constructs-3.3.71.tgz",
      "integrity": "sha512-3KFtTsA7OV27m/+pJhN4iJkKzHbPIPvyvEX5BQ/JCAWjfCHOQEVpIgxHLpT4i8L1OFta+pJrzcEVAHo6UitwqA=="
    },
    "uuid": {
      "version": "8.3.2",
      "resolved": "https://registry.npmjs.org/uuid/-/uuid-8.3.2.tgz",
      "integrity": "sha512-+NYs2QeMWy+GWFOEm9xnn6HCDp0l7QBD7ml8zLUmJ+93Q5NF0NocErnwkTkXVFNiX3/fpC6afS8Dhb/gz7R7eg=="
    }
  }
}
